// !$*UTF8*$!
{
	archiveVersion = 1;
	classes = {
	};
	objectVersion = 50;
	objects = {

/* Begin PBXBuildFile section */
		0B0BD99A213444040010CE6A /* ChatVC.swift in Sources */ = {isa = PBXBuildFile; fileRef = 0B0BD999213444040010CE6A /* ChatVC.swift */; };
		0B0BD99C2134497C0010CE6A /* ChatModel.swift in Sources */ = {isa = PBXBuildFile; fileRef = 0B0BD99B2134497C0010CE6A /* ChatModel.swift */; };
		0B2EBB1F210D717E00C4E411 /* AppDelegate.swift in Sources */ = {isa = PBXBuildFile; fileRef = 0B2EBB1E210D717E00C4E411 /* AppDelegate.swift */; };
		0B2EBB21210D717E00C4E411 /* ViewController.swift in Sources */ = {isa = PBXBuildFile; fileRef = 0B2EBB20210D717E00C4E411 /* ViewController.swift */; };
		0B2EBB24210D717E00C4E411 /* Main.storyboard in Resources */ = {isa = PBXBuildFile; fileRef = 0B2EBB22210D717E00C4E411 /* Main.storyboard */; };
		0B2EBB26210D717F00C4E411 /* Assets.xcassets in Resources */ = {isa = PBXBuildFile; fileRef = 0B2EBB25210D717F00C4E411 /* Assets.xcassets */; };
		0B2EBB29210D717F00C4E411 /* LaunchScreen.storyboard in Resources */ = {isa = PBXBuildFile; fileRef = 0B2EBB27210D717F00C4E411 /* LaunchScreen.storyboard */; };
		0B2EBB34210D717F00C4E411 /* talkappTests.swift in Sources */ = {isa = PBXBuildFile; fileRef = 0B2EBB33210D717F00C4E411 /* talkappTests.swift */; };
		0B2EBB3F210D717F00C4E411 /* talkappUITests.swift in Sources */ = {isa = PBXBuildFile; fileRef = 0B2EBB3E210D717F00C4E411 /* talkappUITests.swift */; };
		0B2EBB4D210D741C00C4E411 /* GoogleService-Info.plist in Resources */ = {isa = PBXBuildFile; fileRef = 0B2EBB4C210D741C00C4E411 /* GoogleService-Info.plist */; };
		0B3418AE21401C020058A8DD /* NotificationModel.swift in Sources */ = {isa = PBXBuildFile; fileRef = 0B3418AD21401C020058A8DD /* NotificationModel.swift */; };
		0B3872992119FA2200B7B9AA /* RemoteConfigDefaults.plist in Resources */ = {isa = PBXBuildFile; fileRef = 0B3872982119FA2200B7B9AA /* RemoteConfigDefaults.plist */; };
		0B38729B211A047000B7B9AA /* LoginVC.swift in Sources */ = {isa = PBXBuildFile; fileRef = 0B38729A211A047000B7B9AA /* LoginVC.swift */; };
		0B39E921213D7EC1001B7C34 /* ChatRoomVC.swift in Sources */ = {isa = PBXBuildFile; fileRef = 0B39E920213D7EC1001B7C34 /* ChatRoomVC.swift */; };
		0B67F5D8211B20E10072275F /* SignupVC.swift in Sources */ = {isa = PBXBuildFile; fileRef = 0B67F5D7211B20E00072275F /* SignupVC.swift */; };
		0B6F60C22142EE6D0078EDED /* AccountVC.swift in Sources */ = {isa = PBXBuildFile; fileRef = 0B6F60C12142EE6D0078EDED /* AccountVC.swift */; };
		0B709A0B2130D56800F3A837 /* UserModel.swift in Sources */ = {isa = PBXBuildFile; fileRef = 0B709A0A2130D56800F3A837 /* UserModel.swift */; };
		0B709A0D2131131200F3A837 /* PeopleListVC.swift in Sources */ = {isa = PBXBuildFile; fileRef = 0B709A0C2131131200F3A837 /* PeopleListVC.swift */; };
		5504CED9DFE3A1A43E16BDD7 /* Pods_talkapp.framework in Frameworks */ = {isa = PBXBuildFile; fileRef = B1E4A8BFD187E56B63B40DCE /* Pods_talkapp.framework */; };
		849A829C0D789896CA1655F5 /* Pods_talkappUITests.framework in Frameworks */ = {isa = PBXBuildFile; fileRef = 98946F597C93D0A68AE9D27C /* Pods_talkappUITests.framework */; };
		C8267B994671392C60F77B6C /* Pods_talkappTests.framework in Frameworks */ = {isa = PBXBuildFile; fileRef = E70FBD0A3B2F41DAD7064356 /* Pods_talkappTests.framework */; };
/* End PBXBuildFile section */

/* Begin PBXContainerItemProxy section */
		0B2EBB30210D717F00C4E411 /* PBXContainerItemProxy */ = {
			isa = PBXContainerItemProxy;
			containerPortal = 0B2EBB13210D717E00C4E411 /* Project object */;
			proxyType = 1;
			remoteGlobalIDString = 0B2EBB1A210D717E00C4E411;
			remoteInfo = talkapp;
		};
		0B2EBB3B210D717F00C4E411 /* PBXContainerItemProxy */ = {
			isa = PBXContainerItemProxy;
			containerPortal = 0B2EBB13210D717E00C4E411 /* Project object */;
			proxyType = 1;
			remoteGlobalIDString = 0B2EBB1A210D717E00C4E411;
			remoteInfo = talkapp;
		};
/* End PBXContainerItemProxy section */

/* Begin PBXFileReference section */
		0B0BD999213444040010CE6A /* ChatVC.swift */ = {isa = PBXFileReference; lastKnownFileType = sourcecode.swift; path = ChatVC.swift; sourceTree = "<group>"; };
		0B0BD99B2134497C0010CE6A /* ChatModel.swift */ = {isa = PBXFileReference; lastKnownFileType = sourcecode.swift; path = ChatModel.swift; sourceTree = "<group>"; };
		0B2EBB1B210D717E00C4E411 /* talkapp.app */ = {isa = PBXFileReference; explicitFileType = wrapper.application; includeInIndex = 0; path = talkapp.app; sourceTree = BUILT_PRODUCTS_DIR; };
		0B2EBB1E210D717E00C4E411 /* AppDelegate.swift */ = {isa = PBXFileReference; lastKnownFileType = sourcecode.swift; path = AppDelegate.swift; sourceTree = "<group>"; };
		0B2EBB20210D717E00C4E411 /* ViewController.swift */ = {isa = PBXFileReference; lastKnownFileType = sourcecode.swift; path = ViewController.swift; sourceTree = "<group>"; };
		0B2EBB23210D717E00C4E411 /* Base */ = {isa = PBXFileReference; lastKnownFileType = file.storyboard; name = Base; path = Base.lproj/Main.storyboard; sourceTree = "<group>"; };
		0B2EBB25210D717F00C4E411 /* Assets.xcassets */ = {isa = PBXFileReference; lastKnownFileType = folder.assetcatalog; path = Assets.xcassets; sourceTree = "<group>"; };
		0B2EBB28210D717F00C4E411 /* Base */ = {isa = PBXFileReference; lastKnownFileType = file.storyboard; name = Base; path = Base.lproj/LaunchScreen.storyboard; sourceTree = "<group>"; };
		0B2EBB2A210D717F00C4E411 /* Info.plist */ = {isa = PBXFileReference; lastKnownFileType = text.plist.xml; path = Info.plist; sourceTree = "<group>"; };
		0B2EBB2F210D717F00C4E411 /* talkappTests.xctest */ = {isa = PBXFileReference; explicitFileType = wrapper.cfbundle; includeInIndex = 0; path = talkappTests.xctest; sourceTree = BUILT_PRODUCTS_DIR; };
		0B2EBB33210D717F00C4E411 /* talkappTests.swift */ = {isa = PBXFileReference; lastKnownFileType = sourcecode.swift; path = talkappTests.swift; sourceTree = "<group>"; };
		0B2EBB35210D717F00C4E411 /* Info.plist */ = {isa = PBXFileReference; lastKnownFileType = text.plist.xml; path = Info.plist; sourceTree = "<group>"; };
		0B2EBB3A210D717F00C4E411 /* talkappUITests.xctest */ = {isa = PBXFileReference; explicitFileType = wrapper.cfbundle; includeInIndex = 0; path = talkappUITests.xctest; sourceTree = BUILT_PRODUCTS_DIR; };
		0B2EBB3E210D717F00C4E411 /* talkappUITests.swift */ = {isa = PBXFileReference; lastKnownFileType = sourcecode.swift; path = talkappUITests.swift; sourceTree = "<group>"; };
		0B2EBB40210D717F00C4E411 /* Info.plist */ = {isa = PBXFileReference; lastKnownFileType = text.plist.xml; path = Info.plist; sourceTree = "<group>"; };
		0B2EBB4C210D741C00C4E411 /* GoogleService-Info.plist */ = {isa = PBXFileReference; fileEncoding = 4; lastKnownFileType = text.plist.xml; path = "GoogleService-Info.plist"; sourceTree = "<group>"; };
		0B3418AD21401C020058A8DD /* NotificationModel.swift */ = {isa = PBXFileReference; lastKnownFileType = sourcecode.swift; path = NotificationModel.swift; sourceTree = "<group>"; };
		0B3872982119FA2200B7B9AA /* RemoteConfigDefaults.plist */ = {isa = PBXFileReference; lastKnownFileType = text.plist.xml; path = RemoteConfigDefaults.plist; sourceTree = "<group>"; };
		0B38729A211A047000B7B9AA /* LoginVC.swift */ = {isa = PBXFileReference; lastKnownFileType = sourcecode.swift; path = LoginVC.swift; sourceTree = "<group>"; };
		0B39E920213D7EC1001B7C34 /* ChatRoomVC.swift */ = {isa = PBXFileReference; lastKnownFileType = sourcecode.swift; path = ChatRoomVC.swift; sourceTree = "<group>"; };
		0B67F5D7211B20E00072275F /* SignupVC.swift */ = {isa = PBXFileReference; lastKnownFileType = sourcecode.swift; path = SignupVC.swift; sourceTree = "<group>"; };
		0B686F82213ECC2D004977DE /* talkapp.entitlements */ = {isa = PBXFileReference; lastKnownFileType = text.plist.entitlements; path = talkapp.entitlements; sourceTree = "<group>"; };
		0B6F60C12142EE6D0078EDED /* AccountVC.swift */ = {isa = PBXFileReference; lastKnownFileType = sourcecode.swift; path = AccountVC.swift; sourceTree = "<group>"; };
		0B709A0A2130D56800F3A837 /* UserModel.swift */ = {isa = PBXFileReference; lastKnownFileType = sourcecode.swift; path = UserModel.swift; sourceTree = "<group>"; };
		0B709A0C2131131200F3A837 /* PeopleListVC.swift */ = {isa = PBXFileReference; lastKnownFileType = sourcecode.swift; path = PeopleListVC.swift; sourceTree = "<group>"; };
		21E45E1270F574E9AB378B89 /* Pods-talkappUITests.debug.xcconfig */ = {isa = PBXFileReference; includeInIndex = 1; lastKnownFileType = text.xcconfig; name = "Pods-talkappUITests.debug.xcconfig"; path = "Pods/Target Support Files/Pods-talkappUITests/Pods-talkappUITests.debug.xcconfig"; sourceTree = "<group>"; };
		4437536C5AFFAE0291380A79 /* Pods-talkappTests.debug.xcconfig */ = {isa = PBXFileReference; includeInIndex = 1; lastKnownFileType = text.xcconfig; name = "Pods-talkappTests.debug.xcconfig"; path = "Pods/Target Support Files/Pods-talkappTests/Pods-talkappTests.debug.xcconfig"; sourceTree = "<group>"; };
		825B3C419D9B6CFAE1399EB4 /* Pods-talkappUITests.release.xcconfig */ = {isa = PBXFileReference; includeInIndex = 1; lastKnownFileType = text.xcconfig; name = "Pods-talkappUITests.release.xcconfig"; path = "Pods/Target Support Files/Pods-talkappUITests/Pods-talkappUITests.release.xcconfig"; sourceTree = "<group>"; };
		89426E70960842E83CC48EB4 /* Pods-talkappTests.release.xcconfig */ = {isa = PBXFileReference; includeInIndex = 1; lastKnownFileType = text.xcconfig; name = "Pods-talkappTests.release.xcconfig"; path = "Pods/Target Support Files/Pods-talkappTests/Pods-talkappTests.release.xcconfig"; sourceTree = "<group>"; };
		98946F597C93D0A68AE9D27C /* Pods_talkappUITests.framework */ = {isa = PBXFileReference; explicitFileType = wrapper.framework; includeInIndex = 0; path = Pods_talkappUITests.framework; sourceTree = BUILT_PRODUCTS_DIR; };
		A0267946CC382DC1950646B2 /* Pods-talkapp.release.xcconfig */ = {isa = PBXFileReference; includeInIndex = 1; lastKnownFileType = text.xcconfig; name = "Pods-talkapp.release.xcconfig"; path = "Pods/Target Support Files/Pods-talkapp/Pods-talkapp.release.xcconfig"; sourceTree = "<group>"; };
		B1E4A8BFD187E56B63B40DCE /* Pods_talkapp.framework */ = {isa = PBXFileReference; explicitFileType = wrapper.framework; includeInIndex = 0; path = Pods_talkapp.framework; sourceTree = BUILT_PRODUCTS_DIR; };
		E70FBD0A3B2F41DAD7064356 /* Pods_talkappTests.framework */ = {isa = PBXFileReference; explicitFileType = wrapper.framework; includeInIndex = 0; path = Pods_talkappTests.framework; sourceTree = BUILT_PRODUCTS_DIR; };
		FF08D3A5896DAB6D2A22A5CE /* Pods-talkapp.debug.xcconfig */ = {isa = PBXFileReference; includeInIndex = 1; lastKnownFileType = text.xcconfig; name = "Pods-talkapp.debug.xcconfig"; path = "Pods/Target Support Files/Pods-talkapp/Pods-talkapp.debug.xcconfig"; sourceTree = "<group>"; };
/* End PBXFileReference section */

/* Begin PBXFrameworksBuildPhase section */
		0B2EBB18210D717E00C4E411 /* Frameworks */ = {
			isa = PBXFrameworksBuildPhase;
			buildActionMask = 2147483647;
			files = (
				5504CED9DFE3A1A43E16BDD7 /* Pods_talkapp.framework in Frameworks */,
			);
			runOnlyForDeploymentPostprocessing = 0;
		};
		0B2EBB2C210D717F00C4E411 /* Frameworks */ = {
			isa = PBXFrameworksBuildPhase;
			buildActionMask = 2147483647;
			files = (
				C8267B994671392C60F77B6C /* Pods_talkappTests.framework in Frameworks */,
			);
			runOnlyForDeploymentPostprocessing = 0;
		};
		0B2EBB37210D717F00C4E411 /* Frameworks */ = {
			isa = PBXFrameworksBuildPhase;
			buildActionMask = 2147483647;
			files = (
				849A829C0D789896CA1655F5 /* Pods_talkappUITests.framework in Frameworks */,
			);
			runOnlyForDeploymentPostprocessing = 0;
		};
/* End PBXFrameworksBuildPhase section */

/* Begin PBXGroup section */
		0B2EBB12210D717E00C4E411 = {
			isa = PBXGroup;
			children = (
				0B2EBB1D210D717E00C4E411 /* talkapp */,
				0B2EBB32210D717F00C4E411 /* talkappTests */,
				0B2EBB3D210D717F00C4E411 /* talkappUITests */,
				0B2EBB1C210D717E00C4E411 /* Products */,
				1167832E3B3A13270D8047CF /* Pods */,
				0D076D63E583B76810988DC9 /* Frameworks */,
			);
			sourceTree = "<group>";
		};
		0B2EBB1C210D717E00C4E411 /* Products */ = {
			isa = PBXGroup;
			children = (
				0B2EBB1B210D717E00C4E411 /* talkapp.app */,
				0B2EBB2F210D717F00C4E411 /* talkappTests.xctest */,
				0B2EBB3A210D717F00C4E411 /* talkappUITests.xctest */,
			);
			name = Products;
			sourceTree = "<group>";
		};
		0B2EBB1D210D717E00C4E411 /* talkapp */ = {
			isa = PBXGroup;
			children = (
				0B686F82213ECC2D004977DE /* talkapp.entitlements */,
				0B2EBB1E210D717E00C4E411 /* AppDelegate.swift */,
				0B2EBB20210D717E00C4E411 /* ViewController.swift */,
				0B709A092130D51800F3A837 /* Model */,
				0B709A062130C96600F3A837 /* Controller */,
				0B2EBB22210D717E00C4E411 /* Main.storyboard */,
				0B2EBB25210D717F00C4E411 /* Assets.xcassets */,
				0B2EBB27210D717F00C4E411 /* LaunchScreen.storyboard */,
				0B2EBB2A210D717F00C4E411 /* Info.plist */,
				0B2EBB4C210D741C00C4E411 /* GoogleService-Info.plist */,
				0B3872982119FA2200B7B9AA /* RemoteConfigDefaults.plist */,
			);
			path = talkapp;
			sourceTree = "<group>";
		};
		0B2EBB32210D717F00C4E411 /* talkappTests */ = {
			isa = PBXGroup;
			children = (
				0B2EBB33210D717F00C4E411 /* talkappTests.swift */,
				0B2EBB35210D717F00C4E411 /* Info.plist */,
			);
			path = talkappTests;
			sourceTree = "<group>";
		};
		0B2EBB3D210D717F00C4E411 /* talkappUITests */ = {
			isa = PBXGroup;
			children = (
				0B2EBB3E210D717F00C4E411 /* talkappUITests.swift */,
				0B2EBB40210D717F00C4E411 /* Info.plist */,
			);
			path = talkappUITests;
			sourceTree = "<group>";
		};
		0B709A062130C96600F3A837 /* Controller */ = {
			isa = PBXGroup;
			children = (
				0B38729A211A047000B7B9AA /* LoginVC.swift */,
				0B67F5D7211B20E00072275F /* SignupVC.swift */,
				0B0BD999213444040010CE6A /* ChatVC.swift */,
				0B709A0C2131131200F3A837 /* PeopleListVC.swift */,
				0B39E920213D7EC1001B7C34 /* ChatRoomVC.swift */,
				0B6F60C12142EE6D0078EDED /* AccountVC.swift */,
			);
			path = Controller;
			sourceTree = "<group>";
		};
		0B709A092130D51800F3A837 /* Model */ = {
			isa = PBXGroup;
			children = (
				0B709A0A2130D56800F3A837 /* UserModel.swift */,
				0B3418AD21401C020058A8DD /* NotificationModel.swift */,
				0B0BD99B2134497C0010CE6A /* ChatModel.swift */,
			);
			path = Model;
			sourceTree = "<group>";
		};
		0D076D63E583B76810988DC9 /* Frameworks */ = {
			isa = PBXGroup;
			children = (
				B1E4A8BFD187E56B63B40DCE /* Pods_talkapp.framework */,
				E70FBD0A3B2F41DAD7064356 /* Pods_talkappTests.framework */,
				98946F597C93D0A68AE9D27C /* Pods_talkappUITests.framework */,
			);
			name = Frameworks;
			sourceTree = "<group>";
		};
		1167832E3B3A13270D8047CF /* Pods */ = {
			isa = PBXGroup;
			children = (
				FF08D3A5896DAB6D2A22A5CE /* Pods-talkapp.debug.xcconfig */,
				A0267946CC382DC1950646B2 /* Pods-talkapp.release.xcconfig */,
				4437536C5AFFAE0291380A79 /* Pods-talkappTests.debug.xcconfig */,
				89426E70960842E83CC48EB4 /* Pods-talkappTests.release.xcconfig */,
				21E45E1270F574E9AB378B89 /* Pods-talkappUITests.debug.xcconfig */,
				825B3C419D9B6CFAE1399EB4 /* Pods-talkappUITests.release.xcconfig */,
			);
			name = Pods;
			sourceTree = "<group>";
		};
/* End PBXGroup section */

/* Begin PBXNativeTarget section */
		0B2EBB1A210D717E00C4E411 /* talkapp */ = {
			isa = PBXNativeTarget;
			buildConfigurationList = 0B2EBB43210D717F00C4E411 /* Build configuration list for PBXNativeTarget "talkapp" */;
			buildPhases = (
				6713C619A930E760EE4DF60C /* [CP] Check Pods Manifest.lock */,
				0B2EBB17210D717E00C4E411 /* Sources */,
				0B2EBB18210D717E00C4E411 /* Frameworks */,
				0B2EBB19210D717E00C4E411 /* Resources */,
				D66AA5CFE886E7279499C788 /* [CP] Embed Pods Frameworks */,
				7E05B3A261EA72DEB1C0269D /* [CP] Copy Pods Resources */,
			);
			buildRules = (
			);
			dependencies = (
			);
			name = talkapp;
			productName = talkapp;
			productReference = 0B2EBB1B210D717E00C4E411 /* talkapp.app */;
			productType = "com.apple.product-type.application";
		};
		0B2EBB2E210D717F00C4E411 /* talkappTests */ = {
			isa = PBXNativeTarget;
			buildConfigurationList = 0B2EBB46210D717F00C4E411 /* Build configuration list for PBXNativeTarget "talkappTests" */;
			buildPhases = (
				9C4D70643E296FCC77EA88F0 /* [CP] Check Pods Manifest.lock */,
				0B2EBB2B210D717F00C4E411 /* Sources */,
				0B2EBB2C210D717F00C4E411 /* Frameworks */,
				0B2EBB2D210D717F00C4E411 /* Resources */,
				58385F2908C11E8F38AED0B9 /* [CP] Embed Pods Frameworks */,
				2070F2BAE166107120AD4890 /* [CP] Copy Pods Resources */,
			);
			buildRules = (
			);
			dependencies = (
				0B2EBB31210D717F00C4E411 /* PBXTargetDependency */,
			);
			name = talkappTests;
			productName = talkappTests;
			productReference = 0B2EBB2F210D717F00C4E411 /* talkappTests.xctest */;
			productType = "com.apple.product-type.bundle.unit-test";
		};
		0B2EBB39210D717F00C4E411 /* talkappUITests */ = {
			isa = PBXNativeTarget;
			buildConfigurationList = 0B2EBB49210D717F00C4E411 /* Build configuration list for PBXNativeTarget "talkappUITests" */;
			buildPhases = (
				FB88FFD839F0762C240685A8 /* [CP] Check Pods Manifest.lock */,
				0B2EBB36210D717F00C4E411 /* Sources */,
				0B2EBB37210D717F00C4E411 /* Frameworks */,
				0B2EBB38210D717F00C4E411 /* Resources */,
				63BEDE1860FD37E4664D8195 /* [CP] Embed Pods Frameworks */,
				065B1CDDAD5943C5FFE26F5C /* [CP] Copy Pods Resources */,
			);
			buildRules = (
			);
			dependencies = (
				0B2EBB3C210D717F00C4E411 /* PBXTargetDependency */,
			);
			name = talkappUITests;
			productName = talkappUITests;
			productReference = 0B2EBB3A210D717F00C4E411 /* talkappUITests.xctest */;
			productType = "com.apple.product-type.bundle.ui-testing";
		};
/* End PBXNativeTarget section */

/* Begin PBXProject section */
		0B2EBB13210D717E00C4E411 /* Project object */ = {
			isa = PBXProject;
			attributes = {
				LastSwiftUpdateCheck = 0940;
				LastUpgradeCheck = 0940;
				ORGANIZATIONNAME = muhyunkim;
				TargetAttributes = {
					0B2EBB1A210D717E00C4E411 = {
						CreatedOnToolsVersion = 9.4.1;
						SystemCapabilities = {
							com.apple.BackgroundModes = {
								enabled = 1;
							};
							com.apple.ClassKit = {
								enabled = 0;
							};
							com.apple.Push = {
								enabled = 1;
							};
						};
					};
					0B2EBB2E210D717F00C4E411 = {
						CreatedOnToolsVersion = 9.4.1;
						TestTargetID = 0B2EBB1A210D717E00C4E411;
					};
					0B2EBB39210D717F00C4E411 = {
						CreatedOnToolsVersion = 9.4.1;
						TestTargetID = 0B2EBB1A210D717E00C4E411;
					};
				};
			};
			buildConfigurationList = 0B2EBB16210D717E00C4E411 /* Build configuration list for PBXProject "talkapp" */;
			compatibilityVersion = "Xcode 9.3";
			developmentRegion = en;
			hasScannedForEncodings = 0;
			knownRegions = (
				en,
				Base,
			);
			mainGroup = 0B2EBB12210D717E00C4E411;
			productRefGroup = 0B2EBB1C210D717E00C4E411 /* Products */;
			projectDirPath = "";
			projectRoot = "";
			targets = (
				0B2EBB1A210D717E00C4E411 /* talkapp */,
				0B2EBB2E210D717F00C4E411 /* talkappTests */,
				0B2EBB39210D717F00C4E411 /* talkappUITests */,
			);
		};
/* End PBXProject section */

/* Begin PBXResourcesBuildPhase section */
		0B2EBB19210D717E00C4E411 /* Resources */ = {
			isa = PBXResourcesBuildPhase;
			buildActionMask = 2147483647;
			files = (
				0B2EBB29210D717F00C4E411 /* LaunchScreen.storyboard in Resources */,
				0B3872992119FA2200B7B9AA /* RemoteConfigDefaults.plist in Resources */,
				0B2EBB4D210D741C00C4E411 /* GoogleService-Info.plist in Resources */,
				0B2EBB26210D717F00C4E411 /* Assets.xcassets in Resources */,
				0B2EBB24210D717E00C4E411 /* Main.storyboard in Resources */,
			);
			runOnlyForDeploymentPostprocessing = 0;
		};
		0B2EBB2D210D717F00C4E411 /* Resources */ = {
			isa = PBXResourcesBuildPhase;
			buildActionMask = 2147483647;
			files = (
			);
			runOnlyForDeploymentPostprocessing = 0;
		};
		0B2EBB38210D717F00C4E411 /* Resources */ = {
			isa = PBXResourcesBuildPhase;
			buildActionMask = 2147483647;
			files = (
			);
			runOnlyForDeploymentPostprocessing = 0;
		};
/* End PBXResourcesBuildPhase section */

/* Begin PBXShellScriptBuildPhase section */
		065B1CDDAD5943C5FFE26F5C /* [CP] Copy Pods Resources */ = {
			isa = PBXShellScriptBuildPhase;
			buildActionMask = 2147483647;
			files = (
			);
			inputPaths = (
			);
			name = "[CP] Copy Pods Resources";
			outputPaths = (
			);
			runOnlyForDeploymentPostprocessing = 0;
			shellPath = /bin/sh;
			shellScript = "\"${SRCROOT}/Pods/Target Support Files/Pods-talkappUITests/Pods-talkappUITests-resources.sh\"\n";
			showEnvVarsInLog = 0;
		};
		2070F2BAE166107120AD4890 /* [CP] Copy Pods Resources */ = {
			isa = PBXShellScriptBuildPhase;
			buildActionMask = 2147483647;
			files = (
			);
			inputPaths = (
			);
			name = "[CP] Copy Pods Resources";
			outputPaths = (
			);
			runOnlyForDeploymentPostprocessing = 0;
			shellPath = /bin/sh;
			shellScript = "\"${SRCROOT}/Pods/Target Support Files/Pods-talkappTests/Pods-talkappTests-resources.sh\"\n";
			showEnvVarsInLog = 0;
		};
		58385F2908C11E8F38AED0B9 /* [CP] Embed Pods Frameworks */ = {
			isa = PBXShellScriptBuildPhase;
			buildActionMask = 2147483647;
			files = (
			);
			inputPaths = (
			);
			name = "[CP] Embed Pods Frameworks";
			outputPaths = (
			);
			runOnlyForDeploymentPostprocessing = 0;
			shellPath = /bin/sh;
			shellScript = "\"${SRCROOT}/Pods/Target Support Files/Pods-talkappTests/Pods-talkappTests-frameworks.sh\"\n";
			showEnvVarsInLog = 0;
		};
		63BEDE1860FD37E4664D8195 /* [CP] Embed Pods Frameworks */ = {
			isa = PBXShellScriptBuildPhase;
			buildActionMask = 2147483647;
			files = (
			);
			inputPaths = (
			);
			name = "[CP] Embed Pods Frameworks";
			outputPaths = (
			);
			runOnlyForDeploymentPostprocessing = 0;
			shellPath = /bin/sh;
			shellScript = "\"${SRCROOT}/Pods/Target Support Files/Pods-talkappUITests/Pods-talkappUITests-frameworks.sh\"\n";
			showEnvVarsInLog = 0;
		};
		6713C619A930E760EE4DF60C /* [CP] Check Pods Manifest.lock */ = {
			isa = PBXShellScriptBuildPhase;
			buildActionMask = 2147483647;
			files = (
			);
			inputPaths = (
				"${PODS_PODFILE_DIR_PATH}/Podfile.lock",
				"${PODS_ROOT}/Manifest.lock",
			);
			name = "[CP] Check Pods Manifest.lock";
			outputPaths = (
				"$(DERIVED_FILE_DIR)/Pods-talkapp-checkManifestLockResult.txt",
			);
			runOnlyForDeploymentPostprocessing = 0;
			shellPath = /bin/sh;
			shellScript = "diff \"${PODS_PODFILE_DIR_PATH}/Podfile.lock\" \"${PODS_ROOT}/Manifest.lock\" > /dev/null\nif [ $? != 0 ] ; then\n    # print error to STDERR\n    echo \"error: The sandbox is not in sync with the Podfile.lock. Run 'pod install' or update your CocoaPods installation.\" >&2\n    exit 1\nfi\n# This output is used by Xcode 'outputs' to avoid re-running this script phase.\necho \"SUCCESS\" > \"${SCRIPT_OUTPUT_FILE_0}\"\n";
			showEnvVarsInLog = 0;
		};
		7E05B3A261EA72DEB1C0269D /* [CP] Copy Pods Resources */ = {
			isa = PBXShellScriptBuildPhase;
			buildActionMask = 2147483647;
			files = (
			);
			inputPaths = (
			);
			name = "[CP] Copy Pods Resources";
			outputPaths = (
			);
			runOnlyForDeploymentPostprocessing = 0;
			shellPath = /bin/sh;
			shellScript = "\"${SRCROOT}/Pods/Target Support Files/Pods-talkapp/Pods-talkapp-resources.sh\"\n";
			showEnvVarsInLog = 0;
		};
		9C4D70643E296FCC77EA88F0 /* [CP] Check Pods Manifest.lock */ = {
			isa = PBXShellScriptBuildPhase;
			buildActionMask = 2147483647;
			files = (
			);
			inputPaths = (
				"${PODS_PODFILE_DIR_PATH}/Podfile.lock",
				"${PODS_ROOT}/Manifest.lock",
			);
			name = "[CP] Check Pods Manifest.lock";
			outputPaths = (
				"$(DERIVED_FILE_DIR)/Pods-talkappTests-checkManifestLockResult.txt",
			);
			runOnlyForDeploymentPostprocessing = 0;
			shellPath = /bin/sh;
			shellScript = "diff \"${PODS_PODFILE_DIR_PATH}/Podfile.lock\" \"${PODS_ROOT}/Manifest.lock\" > /dev/null\nif [ $? != 0 ] ; then\n    # print error to STDERR\n    echo \"error: The sandbox is not in sync with the Podfile.lock. Run 'pod install' or update your CocoaPods installation.\" >&2\n    exit 1\nfi\n# This output is used by Xcode 'outputs' to avoid re-running this script phase.\necho \"SUCCESS\" > \"${SCRIPT_OUTPUT_FILE_0}\"\n";
			showEnvVarsInLog = 0;
		};
		D66AA5CFE886E7279499C788 /* [CP] Embed Pods Frameworks */ = {
			isa = PBXShellScriptBuildPhase;
			buildActionMask = 2147483647;
			files = (
			);
			inputPaths = (
				"${SRCROOT}/Pods/Target Support Files/Pods-talkapp/Pods-talkapp-frameworks.sh",
				"${BUILT_PRODUCTS_DIR}/Alamofire/Alamofire.framework",
				"${BUILT_PRODUCTS_DIR}/GTMSessionFetcher/GTMSessionFetcher.framework",
				"${BUILT_PRODUCTS_DIR}/GoogleToolboxForMac/GoogleToolboxForMac.framework",
				"${BUILT_PRODUCTS_DIR}/Kingfisher/Kingfisher.framework",
				"${BUILT_PRODUCTS_DIR}/ObjectMapper/ObjectMapper.framework",
				"${BUILT_PRODUCTS_DIR}/Protobuf/Protobuf.framework",
				"${BUILT_PRODUCTS_DIR}/SnapKit/SnapKit.framework",
				"${BUILT_PRODUCTS_DIR}/TextFieldEffects/TextFieldEffects.framework",
				"${BUILT_PRODUCTS_DIR}/leveldb-library/leveldb.framework",
				"${BUILT_PRODUCTS_DIR}/nanopb/nanopb.framework",
			);
			name = "[CP] Embed Pods Frameworks";
			outputPaths = (
				"${TARGET_BUILD_DIR}/${FRAMEWORKS_FOLDER_PATH}/Alamofire.framework",
				"${TARGET_BUILD_DIR}/${FRAMEWORKS_FOLDER_PATH}/GTMSessionFetcher.framework",
				"${TARGET_BUILD_DIR}/${FRAMEWORKS_FOLDER_PATH}/GoogleToolboxForMac.framework",
				"${TARGET_BUILD_DIR}/${FRAMEWORKS_FOLDER_PATH}/Kingfisher.framework",
				"${TARGET_BUILD_DIR}/${FRAMEWORKS_FOLDER_PATH}/ObjectMapper.framework",
				"${TARGET_BUILD_DIR}/${FRAMEWORKS_FOLDER_PATH}/Protobuf.framework",
				"${TARGET_BUILD_DIR}/${FRAMEWORKS_FOLDER_PATH}/SnapKit.framework",
				"${TARGET_BUILD_DIR}/${FRAMEWORKS_FOLDER_PATH}/TextFieldEffects.framework",
				"${TARGET_BUILD_DIR}/${FRAMEWORKS_FOLDER_PATH}/leveldb.framework",
				"${TARGET_BUILD_DIR}/${FRAMEWORKS_FOLDER_PATH}/nanopb.framework",
			);
			runOnlyForDeploymentPostprocessing = 0;
			shellPath = /bin/sh;
			shellScript = "\"${SRCROOT}/Pods/Target Support Files/Pods-talkapp/Pods-talkapp-frameworks.sh\"\n";
			showEnvVarsInLog = 0;
		};
		FB88FFD839F0762C240685A8 /* [CP] Check Pods Manifest.lock */ = {
			isa = PBXShellScriptBuildPhase;
			buildActionMask = 2147483647;
			files = (
			);
			inputPaths = (
				"${PODS_PODFILE_DIR_PATH}/Podfile.lock",
				"${PODS_ROOT}/Manifest.lock",
			);
			name = "[CP] Check Pods Manifest.lock";
			outputPaths = (
				"$(DERIVED_FILE_DIR)/Pods-talkappUITests-checkManifestLockResult.txt",
			);
			runOnlyForDeploymentPostprocessing = 0;
			shellPath = /bin/sh;
			shellScript = "diff \"${PODS_PODFILE_DIR_PATH}/Podfile.lock\" \"${PODS_ROOT}/Manifest.lock\" > /dev/null\nif [ $? != 0 ] ; then\n    # print error to STDERR\n    echo \"error: The sandbox is not in sync with the Podfile.lock. Run 'pod install' or update your CocoaPods installation.\" >&2\n    exit 1\nfi\n# This output is used by Xcode 'outputs' to avoid re-running this script phase.\necho \"SUCCESS\" > \"${SCRIPT_OUTPUT_FILE_0}\"\n";
			showEnvVarsInLog = 0;
		};
/* End PBXShellScriptBuildPhase section */

/* Begin PBXSourcesBuildPhase section */
		0B2EBB17210D717E00C4E411 /* Sources */ = {
			isa = PBXSourcesBuildPhase;
			buildActionMask = 2147483647;
			files = (
				0B6F60C22142EE6D0078EDED /* AccountVC.swift in Sources */,
				0B67F5D8211B20E10072275F /* SignupVC.swift in Sources */,
				0B0BD99A213444040010CE6A /* ChatVC.swift in Sources */,
				0B2EBB21210D717E00C4E411 /* ViewController.swift in Sources */,
				0B0BD99C2134497C0010CE6A /* ChatModel.swift in Sources */,
				0B2EBB1F210D717E00C4E411 /* AppDelegate.swift in Sources */,
				0B709A0B2130D56800F3A837 /* UserModel.swift in Sources */,
				0B38729B211A047000B7B9AA /* LoginVC.swift in Sources */,
				0B39E921213D7EC1001B7C34 /* ChatRoomVC.swift in Sources */,
				0B3418AE21401C020058A8DD /* NotificationModel.swift in Sources */,
				0B709A0D2131131200F3A837 /* PeopleListVC.swift in Sources */,
			);
			runOnlyForDeploymentPostprocessing = 0;
		};
		0B2EBB2B210D717F00C4E411 /* Sources */ = {
			isa = PBXSourcesBuildPhase;
			buildActionMask = 2147483647;
			files = (
				0B2EBB34210D717F00C4E411 /* talkappTests.swift in Sources */,
			);
			runOnlyForDeploymentPostprocessing = 0;
		};
		0B2EBB36210D717F00C4E411 /* Sources */ = {
			isa = PBXSourcesBuildPhase;
			buildActionMask = 2147483647;
			files = (
				0B2EBB3F210D717F00C4E411 /* talkappUITests.swift in Sources */,
			);
			runOnlyForDeploymentPostprocessing = 0;
		};
/* End PBXSourcesBuildPhase section */

/* Begin PBXTargetDependency section */
		0B2EBB31210D717F00C4E411 /* PBXTargetDependency */ = {
			isa = PBXTargetDependency;
			target = 0B2EBB1A210D717E00C4E411 /* talkapp */;
			targetProxy = 0B2EBB30210D717F00C4E411 /* PBXContainerItemProxy */;
		};
		0B2EBB3C210D717F00C4E411 /* PBXTargetDependency */ = {
			isa = PBXTargetDependency;
			target = 0B2EBB1A210D717E00C4E411 /* talkapp */;
			targetProxy = 0B2EBB3B210D717F00C4E411 /* PBXContainerItemProxy */;
		};
/* End PBXTargetDependency section */

/* Begin PBXVariantGroup section */
		0B2EBB22210D717E00C4E411 /* Main.storyboard */ = {
			isa = PBXVariantGroup;
			children = (
				0B2EBB23210D717E00C4E411 /* Base */,
			);
			name = Main.storyboard;
			sourceTree = "<group>";
		};
		0B2EBB27210D717F00C4E411 /* LaunchScreen.storyboard */ = {
			isa = PBXVariantGroup;
			children = (
				0B2EBB28210D717F00C4E411 /* Base */,
			);
			name = LaunchScreen.storyboard;
			sourceTree = "<group>";
		};
/* End PBXVariantGroup section */

/* Begin XCBuildConfiguration section */
		0B2EBB41210D717F00C4E411 /* Debug */ = {
			isa = XCBuildConfiguration;
			buildSettings = {
				ALWAYS_SEARCH_USER_PATHS = NO;
				CLANG_ANALYZER_NONNULL = YES;
				CLANG_ANALYZER_NUMBER_OBJECT_CONVERSION = YES_AGGRESSIVE;
				CLANG_CXX_LANGUAGE_STANDARD = "gnu++14";
				CLANG_CXX_LIBRARY = "libc++";
				CLANG_ENABLE_MODULES = YES;
				CLANG_ENABLE_OBJC_ARC = YES;
				CLANG_ENABLE_OBJC_WEAK = YES;
				CLANG_WARN_BLOCK_CAPTURE_AUTORELEASING = YES;
				CLANG_WARN_BOOL_CONVERSION = YES;
				CLANG_WARN_COMMA = YES;
				CLANG_WARN_CONSTANT_CONVERSION = YES;
				CLANG_WARN_DEPRECATED_OBJC_IMPLEMENTATIONS = YES;
				CLANG_WARN_DIRECT_OBJC_ISA_USAGE = YES_ERROR;
				CLANG_WARN_DOCUMENTATION_COMMENTS = YES;
				CLANG_WARN_EMPTY_BODY = YES;
				CLANG_WARN_ENUM_CONVERSION = YES;
				CLANG_WARN_INFINITE_RECURSION = YES;
				CLANG_WARN_INT_CONVERSION = YES;
				CLANG_WARN_NON_LITERAL_NULL_CONVERSION = YES;
				CLANG_WARN_OBJC_IMPLICIT_RETAIN_SELF = YES;
				CLANG_WARN_OBJC_LITERAL_CONVERSION = YES;
				CLANG_WARN_OBJC_ROOT_CLASS = YES_ERROR;
				CLANG_WARN_RANGE_LOOP_ANALYSIS = YES;
				CLANG_WARN_STRICT_PROTOTYPES = YES;
				CLANG_WARN_SUSPICIOUS_MOVE = YES;
				CLANG_WARN_UNGUARDED_AVAILABILITY = YES_AGGRESSIVE;
				CLANG_WARN_UNREACHABLE_CODE = YES;
				CLANG_WARN__DUPLICATE_METHOD_MATCH = YES;
				CODE_SIGN_IDENTITY = "iPhone Developer";
				COPY_PHASE_STRIP = NO;
				DEBUG_INFORMATION_FORMAT = dwarf;
				ENABLE_STRICT_OBJC_MSGSEND = YES;
				ENABLE_TESTABILITY = YES;
				GCC_C_LANGUAGE_STANDARD = gnu11;
				GCC_DYNAMIC_NO_PIC = NO;
				GCC_NO_COMMON_BLOCKS = YES;
				GCC_OPTIMIZATION_LEVEL = 0;
				GCC_PREPROCESSOR_DEFINITIONS = (
					"DEBUG=1",
					"$(inherited)",
				);
				GCC_WARN_64_TO_32_BIT_CONVERSION = YES;
				GCC_WARN_ABOUT_RETURN_TYPE = YES_ERROR;
				GCC_WARN_UNDECLARED_SELECTOR = YES;
				GCC_WARN_UNINITIALIZED_AUTOS = YES_AGGRESSIVE;
				GCC_WARN_UNUSED_FUNCTION = YES;
				GCC_WARN_UNUSED_VARIABLE = YES;
				IPHONEOS_DEPLOYMENT_TARGET = 11.4;
				MTL_ENABLE_DEBUG_INFO = YES;
				ONLY_ACTIVE_ARCH = YES;
				SDKROOT = iphoneos;
				SWIFT_ACTIVE_COMPILATION_CONDITIONS = DEBUG;
				SWIFT_OPTIMIZATION_LEVEL = "-Onone";
			};
			name = Debug;
		};
		0B2EBB42210D717F00C4E411 /* Release */ = {
			isa = XCBuildConfiguration;
			buildSettings = {
				ALWAYS_SEARCH_USER_PATHS = NO;
				CLANG_ANALYZER_NONNULL = YES;
				CLANG_ANALYZER_NUMBER_OBJECT_CONVERSION = YES_AGGRESSIVE;
				CLANG_CXX_LANGUAGE_STANDARD = "gnu++14";
				CLANG_CXX_LIBRARY = "libc++";
				CLANG_ENABLE_MODULES = YES;
				CLANG_ENABLE_OBJC_ARC = YES;
				CLANG_ENABLE_OBJC_WEAK = YES;
				CLANG_WARN_BLOCK_CAPTURE_AUTORELEASING = YES;
				CLANG_WARN_BOOL_CONVERSION = YES;
				CLANG_WARN_COMMA = YES;
				CLANG_WARN_CONSTANT_CONVERSION = YES;
				CLANG_WARN_DEPRECATED_OBJC_IMPLEMENTATIONS = YES;
				CLANG_WARN_DIRECT_OBJC_ISA_USAGE = YES_ERROR;
				CLANG_WARN_DOCUMENTATION_COMMENTS = YES;
				CLANG_WARN_EMPTY_BODY = YES;
				CLANG_WARN_ENUM_CONVERSION = YES;
				CLANG_WARN_INFINITE_RECURSION = YES;
				CLANG_WARN_INT_CONVERSION = YES;
				CLANG_WARN_NON_LITERAL_NULL_CONVERSION = YES;
				CLANG_WARN_OBJC_IMPLICIT_RETAIN_SELF = YES;
				CLANG_WARN_OBJC_LITERAL_CONVERSION = YES;
				CLANG_WARN_OBJC_ROOT_CLASS = YES_ERROR;
				CLANG_WARN_RANGE_LOOP_ANALYSIS = YES;
				CLANG_WARN_STRICT_PROTOTYPES = YES;
				CLANG_WARN_SUSPICIOUS_MOVE = YES;
				CLANG_WARN_UNGUARDED_AVAILABILITY = YES_AGGRESSIVE;
				CLANG_WARN_UNREACHABLE_CODE = YES;
				CLANG_WARN__DUPLICATE_METHOD_MATCH = YES;
				CODE_SIGN_IDENTITY = "iPhone Developer";
				COPY_PHASE_STRIP = NO;
				DEBUG_INFORMATION_FORMAT = "dwarf-with-dsym";
				ENABLE_NS_ASSERTIONS = NO;
				ENABLE_STRICT_OBJC_MSGSEND = YES;
				GCC_C_LANGUAGE_STANDARD = gnu11;
				GCC_NO_COMMON_BLOCKS = YES;
				GCC_WARN_64_TO_32_BIT_CONVERSION = YES;
				GCC_WARN_ABOUT_RETURN_TYPE = YES_ERROR;
				GCC_WARN_UNDECLARED_SELECTOR = YES;
				GCC_WARN_UNINITIALIZED_AUTOS = YES_AGGRESSIVE;
				GCC_WARN_UNUSED_FUNCTION = YES;
				GCC_WARN_UNUSED_VARIABLE = YES;
				IPHONEOS_DEPLOYMENT_TARGET = 11.4;
				MTL_ENABLE_DEBUG_INFO = NO;
				SDKROOT = iphoneos;
				SWIFT_COMPILATION_MODE = wholemodule;
				SWIFT_OPTIMIZATION_LEVEL = "-O";
				VALIDATE_PRODUCT = YES;
			};
			name = Release;
		};
		0B2EBB44210D717F00C4E411 /* Debug */ = {
			isa = XCBuildConfiguration;
			baseConfigurationReference = FF08D3A5896DAB6D2A22A5CE /* Pods-talkapp.debug.xcconfig */;
			buildSettings = {
				ASSETCATALOG_COMPILER_APPICON_NAME = AppIcon;
				CODE_SIGN_ENTITLEMENTS = talkapp/talkapp.entitlements;
				CODE_SIGN_STYLE = Automatic;
				DEVELOPMENT_TEAM = J82B469879;
				INFOPLIST_FILE = talkapp/Info.plist;
				LD_RUNPATH_SEARCH_PATHS = (
					"$(inherited)",
					"@executable_path/Frameworks",
				);
				PRODUCT_BUNDLE_IDENTIFIER = kr.cookieapps.talkapp;
				PRODUCT_NAME = "$(TARGET_NAME)";
				SWIFT_VERSION = 4.0;
				TARGETED_DEVICE_FAMILY = "1,2";
			};
			name = Debug;
		};
		0B2EBB45210D717F00C4E411 /* Release */ = {
			isa = XCBuildConfiguration;
			baseConfigurationReference = A0267946CC382DC1950646B2 /* Pods-talkapp.release.xcconfig */;
			buildSettings = {
				ASSETCATALOG_COMPILER_APPICON_NAME = AppIcon;
				CODE_SIGN_ENTITLEMENTS = talkapp/talkapp.entitlements;
				CODE_SIGN_STYLE = Automatic;
				DEVELOPMENT_TEAM = J82B469879;
				INFOPLIST_FILE = talkapp/Info.plist;
				LD_RUNPATH_SEARCH_PATHS = (
					"$(inherited)",
					"@executable_path/Frameworks",
				);
				PRODUCT_BUNDLE_IDENTIFIER = kr.cookieapps.talkapp;
				PRODUCT_NAME = "$(TARGET_NAME)";
				SWIFT_VERSION = 4.0;
				TARGETED_DEVICE_FAMILY = "1,2";
			};
			name = Release;
		};
		0B2EBB47210D717F00C4E411 /* Debug */ = {
			isa = XCBuildConfiguration;
			baseConfigurationReference = 4437536C5AFFAE0291380A79 /* Pods-talkappTests.debug.xcconfig */;
			buildSettings = {
				ALWAYS_EMBED_SWIFT_STANDARD_LIBRARIES = YES;
				BUNDLE_LOADER = "$(TEST_HOST)";
				CODE_SIGN_STYLE = Automatic;
				DEVELOPMENT_TEAM = J82B469879;
				INFOPLIST_FILE = talkappTests/Info.plist;
				LD_RUNPATH_SEARCH_PATHS = (
					"$(inherited)",
					"@executable_path/Frameworks",
					"@loader_path/Frameworks",
				);
				PRODUCT_BUNDLE_IDENTIFIER = kr.cookieapps.talkappTests;
				PRODUCT_NAME = "$(TARGET_NAME)";
				SWIFT_VERSION = 4.0;
				TARGETED_DEVICE_FAMILY = "1,2";
				TEST_HOST = "$(BUILT_PRODUCTS_DIR)/talkapp.app/talkapp";
			};
			name = Debug;
		};
		0B2EBB48210D717F00C4E411 /* Release */ = {
			isa = XCBuildConfiguration;
			baseConfigurationReference = 89426E70960842E83CC48EB4 /* Pods-talkappTests.release.xcconfig */;
			buildSettings = {
				ALWAYS_EMBED_SWIFT_STANDARD_LIBRARIES = YES;
				BUNDLE_LOADER = "$(TEST_HOST)";
				CODE_SIGN_STYLE = Automatic;
				DEVELOPMENT_TEAM = J82B469879;
				INFOPLIST_FILE = talkappTests/Info.plist;
				LD_RUNPATH_SEARCH_PATHS = (
					"$(inherited)",
					"@executable_path/Frameworks",
					"@loader_path/Frameworks",
				);
				PRODUCT_BUNDLE_IDENTIFIER = kr.cookieapps.talkappTests;
				PRODUCT_NAME = "$(TARGET_NAME)";
				SWIFT_VERSION = 4.0;
				TARGETED_DEVICE_FAMILY = "1,2";
				TEST_HOST = "$(BUILT_PRODUCTS_DIR)/talkapp.app/talkapp";
			};
			name = Release;
		};
		0B2EBB4A210D717F00C4E411 /* Debug */ = {
			isa = XCBuildConfiguration;
			baseConfigurationReference = 21E45E1270F574E9AB378B89 /* Pods-talkappUITests.debug.xcconfig */;
			buildSettings = {
				ALWAYS_EMBED_SWIFT_STANDARD_LIBRARIES = YES;
				CODE_SIGN_STYLE = Automatic;
				DEVELOPMENT_TEAM = J82B469879;
				INFOPLIST_FILE = talkappUITests/Info.plist;
				LD_RUNPATH_SEARCH_PATHS = (
					"$(inherited)",
					"@executable_path/Frameworks",
					"@loader_path/Frameworks",
				);
				PRODUCT_BUNDLE_IDENTIFIER = kr.cookieapps.talkappUITests;
				PRODUCT_NAME = "$(TARGET_NAME)";
				SWIFT_VERSION = 4.0;
				TARGETED_DEVICE_FAMILY = "1,2";
				TEST_TARGET_NAME = talkapp;
			};
			name = Debug;
		};
		0B2EBB4B210D717F00C4E411 /* Release */ = {
			isa = XCBuildConfiguration;
			baseConfigurationReference = 825B3C419D9B6CFAE1399EB4 /* Pods-talkappUITests.release.xcconfig */;
			buildSettings = {
				ALWAYS_EMBED_SWIFT_STANDARD_LIBRARIES = YES;
				CODE_SIGN_STYLE = Automatic;
				DEVELOPMENT_TEAM = J82B469879;
				INFOPLIST_FILE = talkappUITests/Info.plist;
				LD_RUNPATH_SEARCH_PATHS = (
					"$(inherited)",
					"@executable_path/Frameworks",
					"@loader_path/Frameworks",
				);
				PRODUCT_BUNDLE_IDENTIFIER = kr.cookieapps.talkappUITests;
				PRODUCT_NAME = "$(TARGET_NAME)";
				SWIFT_VERSION = 4.0;
				TARGETED_DEVICE_FAMILY = "1,2";
				TEST_TARGET_NAME = talkapp;
			};
			name = Release;
		};
/* End XCBuildConfiguration section */

/* Begin XCConfigurationList section */
		0B2EBB16210D717E00C4E411 /* Build configuration list for PBXProject "talkapp" */ = {
			isa = XCConfigurationList;
			buildConfigurations = (
				0B2EBB41210D717F00C4E411 /* Debug */,
				0B2EBB42210D717F00C4E411 /* Release */,
			);
			defaultConfigurationIsVisible = 0;
			defaultConfigurationName = Release;
		};
		0B2EBB43210D717F00C4E411 /* Build configuration list for PBXNativeTarget "talkapp" */ = {
			isa = XCConfigurationList;
			buildConfigurations = (
				0B2EBB44210D717F00C4E411 /* Debug */,
				0B2EBB45210D717F00C4E411 /* Release */,
			);
			defaultConfigurationIsVisible = 0;
			defaultConfigurationName = Release;
		};
		0B2EBB46210D717F00C4E411 /* Build configuration list for PBXNativeTarget "talkappTests" */ = {
			isa = XCConfigurationList;
			buildConfigurations = (
				0B2EBB47210D717F00C4E411 /* Debug */,
				0B2EBB48210D717F00C4E411 /* Release */,
			);
			defaultConfigurationIsVisible = 0;
			defaultConfigurationName = Release;
		};
		0B2EBB49210D717F00C4E411 /* Build configuration list for PBXNativeTarget "talkappUITests" */ = {
			isa = XCConfigurationList;
			buildConfigurations = (
				0B2EBB4A210D717F00C4E411 /* Debug */,
				0B2EBB4B210D717F00C4E411 /* Release */,
			);
			defaultConfigurationIsVisible = 0;
			defaultConfigurationName = Release;
		};
/* End XCConfigurationList section */
	};
	rootObject = 0B2EBB13210D717E00C4E411 /* Project object */;
}
